
Microsoft Visual Studio Solution File, Format Version 12.00
# Visual Studio 15
VisualStudioVersion = 15.0.27004.2006
MinimumVisualStudioVersion = 10.0.40219.1
Project("{FAE04EC0-301F-11D3-BF4B-00C04F79EFBC}") = "数据采集整理小工具", "数据采集整理小工具\数据采集整理小工具.csproj", "{186DCF19-1DD4-4C5A-BCE1-662928CB9278}"
EndProject
Global
	GlobalSection(SolutionConfigurationPlatforms) = preSolution
		Debug|Any CPU = Debug|Any CPU
		Release|Any CPU = Release|Any CPU
	EndGlobalSection
	GlobalSection(ProjectConfigurationPlatforms) = postSolution
		{186DCF19-1DD4-4C5A-BCE1-662928CB9278}.Debug|Any CPU.ActiveCfg = Debug|Any CPU
		{186DCF19-1DD4-4C5A-BCE1-662928CB9278}.Debug|Any CPU.Build.0 = Debug|Any CPU
		{186DCF19-1DD4-4C5A-BCE1-662928CB9278}.Release|Any CPU.ActiveCfg = Release|Any CPU
		{186DCF19-1DD4-4C5A-BCE1-662928CB9278}.Release|Any CPU.Build.0 = Release|Any CPU
	EndGlobalSection
	GlobalSection(SolutionProperties) = preSolution
		HideSolutionNode = FALSE
	EndGlobalSection
	GlobalSection(ExtensibilityGlobals) = postSolution
		SolutionGuid = {3D3AEC30-E47D-4E98-969A-44BA65405C6B}
	EndGlobalSection
EndGlobal
